
Microsoft Visual Studio Solution File, Format Version 12.00
# Visual Studio Version 17
VisualStudioVersion = 17.1.32210.238
MinimumVisualStudioVersion = 10.0.40219.1
Project("{FAE04EC0-301F-11D3-BF4B-00C04F79EFBC}") = "Task1", "Task1\Task1.csproj", "{F5AE1A94-F9E4-49EE-B375-C2030B9AB926}"
EndProject
Project("{FAE04EC0-301F-11D3-BF4B-00C04F79EFBC}") = "ShapesLibrary", "ShapesLibrary\ShapesLibrary.csproj", "{341AB250-6035-4B58-8325-46CDF4177C31}"
EndProject
Global
	GlobalSection(SolutionConfigurationPlatforms) = preSolution
		Debug|Any CPU = Debug|Any CPU
		Release|Any CPU = Release|Any CPU
	EndGlobalSection
	GlobalSection(ProjectConfigurationPlatforms) = postSolution
		{F5AE1A94-F9E4-49EE-B375-C2030B9AB926}.Debug|Any CPU.ActiveCfg = Debug|Any CPU
		{F5AE1A94-F9E4-49EE-B375-C2030B9AB926}.Debug|Any CPU.Build.0 = Debug|Any CPU
		{F5AE1A94-F9E4-49EE-B375-C2030B9AB926}.Release|Any CPU.ActiveCfg = Release|Any CPU
		{F5AE1A94-F9E4-49EE-B375-C2030B9AB926}.Release|Any CPU.Build.0 = Release|Any CPU
		{341AB250-6035-4B58-8325-46CDF4177C31}.Debug|Any CPU.ActiveCfg = Debug|Any CPU
		{341AB250-6035-4B58-8325-46CDF4177C31}.Debug|Any CPU.Build.0 = Debug|Any CPU
		{341AB250-6035-4B58-8325-46CDF4177C31}.Release|Any CPU.ActiveCfg = Release|Any CPU
		{341AB250-6035-4B58-8325-46CDF4177C31}.Release|Any CPU.Build.0 = Release|Any CPU
	EndGlobalSection
	GlobalSection(SolutionProperties) = preSolution
		HideSolutionNode = FALSE
	EndGlobalSection
	GlobalSection(ExtensibilityGlobals) = postSolution
		SolutionGuid = {704014EA-5DFE-4749-8DD6-DC1F08284F1B}
	EndGlobalSection
EndGlobal
